// !$*UTF8*$!
{
	archiveVersion = 1;
	classes = {
	};
	objectVersion = 46;
	objects = {

/* Begin PBXBuildFile section */
		DE2533BC1C6881AC0084FB06 /* AppDelegate.swift in Sources */ = {isa = PBXBuildFile; fileRef = DE2533BB1C6881AC0084FB06 /* AppDelegate.swift */; };
		DE2533BE1C6881AC0084FB06 /* ViewController.swift in Sources */ = {isa = PBXBuildFile; fileRef = DE2533BD1C6881AC0084FB06 /* ViewController.swift */; };
		DE2533C11C6881AC0084FB06 /* Main.storyboard in Resources */ = {isa = PBXBuildFile; fileRef = DE2533BF1C6881AC0084FB06 /* Main.storyboard */; };
		DE2533C31C6881AC0084FB06 /* Assets.xcassets in Resources */ = {isa = PBXBuildFile; fileRef = DE2533C21C6881AC0084FB06 /* Assets.xcassets */; };
		DE2533C61C6881AC0084FB06 /* LaunchScreen.storyboard in Resources */ = {isa = PBXBuildFile; fileRef = DE2533C41C6881AC0084FB06 /* LaunchScreen.storyboard */; };
		DE2533CE1C68A8420084FB06 /* TodoList.swift in Sources */ = {isa = PBXBuildFile; fileRef = DE2533CD1C68A8420084FB06 /* TodoList.swift */; };
/* End PBXBuildFile section */

/* Begin PBXFileReference section */
		DE2533B81C6881AC0084FB06 /* iTahDoodle.app */ = {isa = PBXFileReference; explicitFileType = wrapper.application; includeInIndex = 0; path = iTahDoodle.app; sourceTree = BUILT_PRODUCTS_DIR; };
		DE2533BB1C6881AC0084FB06 /* AppDelegate.swift */ = {isa = PBXFileReference; lastKnownFileType = sourcecode.swift; path = AppDelegate.swift; sourceTree = "<group>"; };
		DE2533BD1C6881AC0084FB06 /* ViewController.swift */ = {isa = PBXFileReference; lastKnownFileType = sourcecode.swift; path = ViewController.swift; sourceTree = "<group>"; };
		DE2533C01C6881AC0084FB06 /* Base */ = {isa = PBXFileReference; lastKnownFileType = file.storyboard; name = Base; path = Base.lproj/Main.storyboard; sourceTree = "<group>"; };
		DE2533C21C6881AC0084FB06 /* Assets.xcassets */ = {isa = PBXFileReference; lastKnownFileType = folder.assetcatalog; path = Assets.xcassets; sourceTree = "<group>"; };
		DE2533C51C6881AC0084FB06 /* Base */ = {isa = PBXFileReference; lastKnownFileType = file.storyboard; name = Base; path = Base.lproj/LaunchScreen.storyboard; sourceTree = "<group>"; };
		DE2533C71C6881AC0084FB06 /* Info.plist */ = {isa = PBXFileReference; lastKnownFileType = text.plist.xml; path = Info.plist; sourceTree = "<group>"; };
		DE2533CD1C68A8420084FB06 /* TodoList.swift */ = {isa = PBXFileReference; fileEncoding = 4; lastKnownFileType = sourcecode.swift; path = TodoList.swift; sourceTree = "<group>"; };
/* End PBXFileReference section */

/* Begin PBXFrameworksBuildPhase section */
		DE2533B51C6881AC0084FB06 /* Frameworks */ = {
			isa = PBXFrameworksBuildPhase;
			buildActionMask = 2147483647;
			files = (
			);
			runOnlyForDeploymentPostprocessing = 0;
		};
/* End PBXFrameworksBuildPhase section */

/* Begin PBXGroup section */
		DE2533AF1C6881AC0084FB06 = {
			isa = PBXGroup;
			children = (
				DE2533BA1C6881AC0084FB06 /* iTahDoodle */,
				DE2533B91C6881AC0084FB06 /* Products */,
			);
			sourceTree = "<group>";
		};
		DE2533B91C6881AC0084FB06 /* Products */ = {
			isa = PBXGroup;
			children = (
				DE2533B81C6881AC0084FB06 /* iTahDoodle.app */,
			);
			name = Products;
			sourceTree = "<group>";
		};
		DE2533BA1C6881AC0084FB06 /* iTahDoodle */ = {
			isa = PBXGroup;
			children = (
				DE2533BB1C6881AC0084FB06 /* AppDelegate.swift */,
				DE2533BD1C6881AC0084FB06 /* ViewController.swift */,
				DE2533CD1C68A8420084FB06 /* TodoList.swift */,
				DE2533BF1C6881AC0084FB06 /* Main.storyboard */,
				DE2533C21C6881AC0084FB06 /* Assets.xcassets */,
				DE2533C41C6881AC0084FB06 /* LaunchScreen.storyboard */,
				DE2533C71C6881AC0084FB06 /* Info.plist */,
			);
			path = iTahDoodle;
			sourceTree = "<group>";
		};
/* End PBXGroup section */

/* Begin PBXNativeTarget section */
		DE2533B71C6881AC0084FB06 /* iTahDoodle */ = {
			isa = PBXNativeTarget;
			buildConfigurationList = DE2533CA1C6881AD0084FB06 /* Build configuration list for PBXNativeTarget "iTahDoodle" */;
			buildPhases = (
				DE2533B41C6881AC0084FB06 /* Sources */,
				DE2533B51C6881AC0084FB06 /* Frameworks */,
				DE2533B61C6881AC0084FB06 /* Resources */,
			);
			buildRules = (
			);
			dependencies = (
			);
			name = iTahDoodle;
			productName = iTahDoodle;
			productReference = DE2533B81C6881AC0084FB06 /* iTahDoodle.app */;
			productType = "com.apple.product-type.application";
		};
/* End PBXNativeTarget section */

/* Begin PBXProject section */
		DE2533B01C6881AC0084FB06 /* Project object */ = {
			isa = PBXProject;
			attributes = {
				LastSwiftUpdateCheck = 0720;
				LastUpgradeCheck = 0720;
				ORGANIZATIONNAME = BigNerdRanch;
				TargetAttributes = {
					DE2533B71C6881AC0084FB06 = {
						CreatedOnToolsVersion = 7.2;
						DevelopmentTeam = LCVQVPAT24;
						LastSwiftMigration = 0820;
					};
				};
			};
			buildConfigurationList = DE2533B31C6881AC0084FB06 /* Build configuration list for PBXProject "iTahDoodle" */;
			compatibilityVersion = "Xcode 3.2";
			developmentRegion = English;
			hasScannedForEncodings = 0;
			knownRegions = (
				en,
				Base,
			);
			mainGroup = DE2533AF1C6881AC0084FB06;
			productRefGroup = DE2533B91C6881AC0084FB06 /* Products */;
			projectDirPath = "";
			projectRoot = "";
			targets = (
				DE2533B71C6881AC0084FB06 /* iTahDoodle */,
			);
		};
/* End PBXProject section */

/* Begin PBXResourcesBuildPhase section */
		DE2533B61C6881AC0084FB06 /* Resources */ = {
			isa = PBXResourcesBuildPhase;
			buildActionMask = 2147483647;
			files = (
				DE2533C61C6881AC0084FB06 /* LaunchScreen.storyboard in Resources */,
				DE2533C31C6881AC0084FB06 /* Assets.xcassets in Resources */,
				DE2533C11C6881AC0084FB06 /* Main.storyboard in Resources */,
			);
			runOnlyForDeploymentPostprocessing = 0;
		};
/* End PBXResourcesBuildPhase section */

/* Begin PBXSourcesBuildPhase section */
		DE2533B41C6881AC0084FB06 /* Sources */ = {
			isa = PBXSourcesBuildPhase;
			buildActionMask = 2147483647;
			files = (
				DE2533CE1C68A8420084FB06 /* TodoList.swift in Sources */,
				DE2533BE1C6881AC0084FB06 /* ViewController.swift in Sources */,
				DE2533BC1C6881AC0084FB06 /* AppDelegate.swift in Sources */,
			);
			runOnlyForDeploymentPostprocessing = 0;
		};
/* End PBXSourcesBuildPhase section */

/* Begin PBXVariantGroup section */
		DE2533BF1C6881AC0084FB06 /* Main.storyboard */ = {
			isa = PBXVariantGroup;
			children = (
				DE2533C01C6881AC0084FB06 /* Base */,
			);
			name = Main.storyboard;
			sourceTree = "<group>";
		};
		DE2533C41C6881AC0084FB06 /* LaunchScreen.storyboard */ = {
			isa = PBXVariantGroup;
			children = (
				DE2533C51C6881AC0084FB06 /* Base */,
			);
			name = LaunchScreen.storyboard;
			sourceTree = "<group>";
		};
/* End PBXVariantGroup section */

/* Begin XCBuildConfiguration section */
		DE2533C81C6881AD0084FB06 /* Debug */ = {
			isa = XCBuildConfiguration;
			buildSettings = {
				ALWAYS_SEARCH_USER_PATHS = NO;
				CLANG_CXX_LANGUAGE_STANDARD = "gnu++0x";
				CLANG_CXX_LIBRARY = "libc++";
				CLANG_ENABLE_MODULES = YES;
				CLANG_ENABLE_OBJC_ARC = YES;
				CLANG_WARN_BOOL_CONVERSION = YES;
				CLANG_WARN_CONSTANT_CONVERSION = YES;
				CLANG_WARN_DIRECT_OBJC_ISA_USAGE = YES_ERROR;
				CLANG_WARN_EMPTY_BODY = YES;
				CLANG_WARN_ENUM_CONVERSION = YES;
				CLANG_WARN_INT_CONVERSION = YES;
				CLANG_WARN_OBJC_ROOT_CLASS = YES_ERROR;
				CLANG_WARN_UNREACHABLE_CODE = YES;
				CLANG_WARN__DUPLICATE_METHOD_MATCH = YES;
				"CODE_SIGN_IDENTITY[sdk=iphoneos*]" = "iPhone Developer";
				COPY_PHASE_STRIP = NO;
				DEBUG_INFORMATION_FORMAT = dwarf;
				ENABLE_STRICT_OBJC_MSGSEND = YES;
				ENABLE_TESTABILITY = YES;
				GCC_C_LANGUAGE_STANDARD = gnu99;
				GCC_DYNAMIC_NO_PIC = NO;
				GCC_NO_COMMON_BLOCKS = YES;
				GCC_OPTIMIZATION_LEVEL = 0;
				GCC_PREPROCESSOR_DEFINITIONS = (
					"DEBUG=1",
					"$(inherited)",
				);
				GCC_WARN_64_TO_32_BIT_CONVERSION = YES;
				GCC_WARN_ABOUT_RETURN_TYPE = YES_ERROR;
				GCC_WARN_UNDECLARED_SELECTOR = YES;
				GCC_WARN_UNINITIALIZED_AUTOS = YES_AGGRESSIVE;
				GCC_WARN_UNUSED_FUNCTION = YES;
				GCC_WARN_UNUSED_VARIABLE = YES;
				IPHONEOS_DEPLOYMENT_TARGET = 9.2;
				MTL_ENABLE_DEBUG_INFO = YES;
				ONLY_ACTIVE_ARCH = YES;
				SDKROOT = iphoneos;
				SWIFT_OPTIMIZATION_LEVEL = "-Onone";
			};
			name = Debug;
		};
		DE2533C91C6881AD0084FB06 /* Release */ = {
			isa = XCBuildConfiguration;
			buildSettings = {
				ALWAYS_SEARCH_USER_PATHS = NO;
				CLANG_CXX_LANGUAGE_STANDARD = "gnu++0x";
				CLANG_CXX_LIBRARY = "libc++";
				CLANG_ENABLE_MODULES = YES;
				CLANG_ENABLE_OBJC_ARC = YES;
				CLANG_WARN_BOOL_CONVERSION = YES;
				CLANG_WARN_CONSTANT_CONVERSION = YES;
				CLANG_WARN_DIRECT_OBJC_ISA_USAGE = YES_ERROR;
				CLANG_WARN_EMPTY_BODY = YES;
				CLANG_WARN_ENUM_CONVERSION = YES;
				CLANG_WARN_INT_CONVERSION = YES;
				CLANG_WARN_OBJC_ROOT_CLASS = YES_ERROR;
				CLANG_WARN_UNREACHABLE_CODE = YES;
				CLANG_WARN__DUPLICATE_METHOD_MATCH = YES;
				"CODE_SIGN_IDENTITY[sdk=iphoneos*]" = "iPhone Developer";
				COPY_PHASE_STRIP = NO;
				DEBUG_INFORMATION_FORMAT = "dwarf-with-dsym";
				ENABLE_NS_ASSERTIONS = NO;
				ENABLE_STRICT_OBJC_MSGSEND = YES;
				GCC_C_LANGUAGE_STANDARD = gnu99;
				GCC_NO_COMMON_BLOCKS = YES;
				GCC_WARN_64_TO_32_BIT_CONVERSION = YES;
				GCC_WARN_ABOUT_RETURN_TYPE = YES_ERROR;
				GCC_WARN_UNDECLARED_SELECTOR = YES;
				GCC_WARN_UNINITIALIZED_AUTOS = YES_AGGRESSIVE;
				GCC_WARN_UNUSED_FUNCTION = YES;
				GCC_WARN_UNUSED_VARIABLE = YES;
				IPHONEOS_DEPLOYMENT_TARGET = 9.2;
				MTL_ENABLE_DEBUG_INFO = NO;
				SDKROOT = iphoneos;
				VALIDATE_PRODUCT = YES;
			};
			name = Release;
		};
		DE2533CB1C6881AD0084FB06 /* Debug */ = {
			isa = XCBuildConfiguration;
			buildSettings = {
				ASSETCATALOG_COMPILER_APPICON_NAME = AppIcon;
				DEVELOPMENT_TEAM = LCVQVPAT24;
				INFOPLIST_FILE = iTahDoodle/Info.plist;
				IPHONEOS_DEPLOYMENT_TARGET = 10.2;
				LD_RUNPATH_SEARCH_PATHS = "$(inherited) @executable_path/Frameworks";
				PRODUCT_BUNDLE_IDENTIFIER = com.bignerdranch.iTahDoodle;
				PRODUCT_NAME = "$(TARGET_NAME)";
				SWIFT_VERSION = 3.0;
			};
			name = Debug;
		};
		DE2533CC1C6881AD0084FB06 /* Release */ = {
			isa = XCBuildConfiguration;
			buildSettings = {
				ASSETCATALOG_COMPILER_APPICON_NAME = AppIcon;
				DEVELOPMENT_TEAM = LCVQVPAT24;
				INFOPLIST_FILE = iTahDoodle/Info.plist;
				IPHONEOS_DEPLOYMENT_TARGET = 10.2;
				LD_RUNPATH_SEARCH_PATHS = "$(inherited) @executable_path/Frameworks";
				PRODUCT_BUNDLE_IDENTIFIER = com.bignerdranch.iTahDoodle;
				PRODUCT_NAME = "$(TARGET_NAME)";
				SWIFT_VERSION = 3.0;
			};
			name = Release;
		};
/* End XCBuildConfiguration section */

/* Begin XCConfigurationList section */
		DE2533B31C6881AC0084FB06 /* Build configuration list for PBXProject "iTahDoodle" */ = {
			isa = XCConfigurationList;
			buildConfigurations = (
				DE2533C81C6881AD0084FB06 /* Debug */,
				DE2533C91C6881AD0084FB06 /* Release */,
			);
			defaultConfigurationIsVisible = 0;
			defaultConfigurationName = Release;
		};
		DE2533CA1C6881AD0084FB06 /* Build configuration list for PBXNativeTarget "iTahDoodle" */ = {
			isa = XCConfigurationList;
			buildConfigurations = (
				DE2533CB1C6881AD0084FB06 /* Debug */,
				DE2533CC1C6881AD0084FB06 /* Release */,
			);
			defaultConfigurationIsVisible = 0;
			defaultConfigurationName = Release;
		};
/* End XCConfigurationList section */
	};
	rootObject = DE2533B01C6881AC0084FB06 /* Project object */;
}
