// !$*UTF8*$!
{
	archiveVersion = 1;
	classes = {
	};
	objectVersion = 46;
	objects = {

/* Begin PBXBuildFile section */
		DE6316FF1B39386200901902 /* main.m in Sources */ = {isa = PBXBuildFile; fileRef = DE6316FE1B39386200901902 /* main.m */; };
		DE6317071B39387D00901902 /* BNRAppliance.m in Sources */ = {isa = PBXBuildFile; fileRef = DE6317061B39387D00901902 /* BNRAppliance.m */; };
		DE63170A1B3941A100901902 /* BNROwnedApplicance.m in Sources */ = {isa = PBXBuildFile; fileRef = DE6317091B3941A100901902 /* BNROwnedApplicance.m */; };
/* End PBXBuildFile section */

/* Begin PBXCopyFilesBuildPhase section */
		DE6316F91B39386200901902 /* CopyFiles */ = {
			isa = PBXCopyFilesBuildPhase;
			buildActionMask = 2147483647;
			dstPath = /usr/share/man/man1/;
			dstSubfolderSpec = 0;
			files = (
			);
			runOnlyForDeploymentPostprocessing = 1;
		};
/* End PBXCopyFilesBuildPhase section */

/* Begin PBXFileReference section */
		DE6316FB1B39386200901902 /* Applicances */ = {isa = PBXFileReference; explicitFileType = "compiled.mach-o.executable"; includeInIndex = 0; path = Applicances; sourceTree = BUILT_PRODUCTS_DIR; };
		DE6316FE1B39386200901902 /* main.m */ = {isa = PBXFileReference; lastKnownFileType = sourcecode.c.objc; path = main.m; sourceTree = "<group>"; };
		DE6317051B39387D00901902 /* BNRAppliance.h */ = {isa = PBXFileReference; fileEncoding = 4; lastKnownFileType = sourcecode.c.h; path = BNRAppliance.h; sourceTree = "<group>"; };
		DE6317061B39387D00901902 /* BNRAppliance.m */ = {isa = PBXFileReference; fileEncoding = 4; lastKnownFileType = sourcecode.c.objc; path = BNRAppliance.m; sourceTree = "<group>"; };
		DE6317081B3941A100901902 /* BNROwnedApplicance.h */ = {isa = PBXFileReference; fileEncoding = 4; lastKnownFileType = sourcecode.c.h; name = BNROwnedApplicance.h; path = Applicances/BNROwnedApplicance.h; sourceTree = "<group>"; };
		DE6317091B3941A100901902 /* BNROwnedApplicance.m */ = {isa = PBXFileReference; fileEncoding = 4; lastKnownFileType = sourcecode.c.objc; name = BNROwnedApplicance.m; path = Applicances/BNROwnedApplicance.m; sourceTree = "<group>"; };
/* End PBXFileReference section */

/* Begin PBXFrameworksBuildPhase section */
		DE6316F81B39386200901902 /* Frameworks */ = {
			isa = PBXFrameworksBuildPhase;
			buildActionMask = 2147483647;
			files = (
			);
			runOnlyForDeploymentPostprocessing = 0;
		};
/* End PBXFrameworksBuildPhase section */

/* Begin PBXGroup section */
		DE6316F21B39386200901902 = {
			isa = PBXGroup;
			children = (
				DE6317051B39387D00901902 /* BNRAppliance.h */,
				DE6317061B39387D00901902 /* BNRAppliance.m */,
				DE6317081B3941A100901902 /* BNROwnedApplicance.h */,
				DE6317091B3941A100901902 /* BNROwnedApplicance.m */,
				DE6316FD1B39386200901902 /* Applicances */,
				DE6316FC1B39386200901902 /* Products */,
			);
			sourceTree = "<group>";
		};
		DE6316FC1B39386200901902 /* Products */ = {
			isa = PBXGroup;
			children = (
				DE6316FB1B39386200901902 /* Applicances */,
			);
			name = Products;
			sourceTree = "<group>";
		};
		DE6316FD1B39386200901902 /* Applicances */ = {
			isa = PBXGroup;
			children = (
				DE6316FE1B39386200901902 /* main.m */,
			);
			path = Applicances;
			sourceTree = "<group>";
		};
/* End PBXGroup section */

/* Begin PBXNativeTarget section */
		DE6316FA1B39386200901902 /* Applicances */ = {
			isa = PBXNativeTarget;
			buildConfigurationList = DE6317021B39386200901902 /* Build configuration list for PBXNativeTarget "Applicances" */;
			buildPhases = (
				DE6316F71B39386200901902 /* Sources */,
				DE6316F81B39386200901902 /* Frameworks */,
				DE6316F91B39386200901902 /* CopyFiles */,
			);
			buildRules = (
			);
			dependencies = (
			);
			name = Applicances;
			productName = Applicances;
			productReference = DE6316FB1B39386200901902 /* Applicances */;
			productType = "com.apple.product-type.tool";
		};
/* End PBXNativeTarget section */

/* Begin PBXProject section */
		DE6316F31B39386200901902 /* Project object */ = {
			isa = PBXProject;
			attributes = {
				LastUpgradeCheck = 0630;
				ORGANIZATIONNAME = "Javid Shamloo";
				TargetAttributes = {
					DE6316FA1B39386200901902 = {
						CreatedOnToolsVersion = 6.3.2;
					};
				};
			};
			buildConfigurationList = DE6316F61B39386200901902 /* Build configuration list for PBXProject "Applicances" */;
			compatibilityVersion = "Xcode 3.2";
			developmentRegion = English;
			hasScannedForEncodings = 0;
			knownRegions = (
				en,
			);
			mainGroup = DE6316F21B39386200901902;
			productRefGroup = DE6316FC1B39386200901902 /* Products */;
			projectDirPath = "";
			projectRoot = "";
			targets = (
				DE6316FA1B39386200901902 /* Applicances */,
			);
		};
/* End PBXProject section */

/* Begin PBXSourcesBuildPhase section */
		DE6316F71B39386200901902 /* Sources */ = {
			isa = PBXSourcesBuildPhase;
			buildActionMask = 2147483647;
			files = (
				DE63170A1B3941A100901902 /* BNROwnedApplicance.m in Sources */,
				DE6317071B39387D00901902 /* BNRAppliance.m in Sources */,
				DE6316FF1B39386200901902 /* main.m in Sources */,
			);
			runOnlyForDeploymentPostprocessing = 0;
		};
/* End PBXSourcesBuildPhase section */

/* Begin XCBuildConfiguration section */
		DE6317001B39386200901902 /* Debug */ = {
			isa = XCBuildConfiguration;
			buildSettings = {
				ALWAYS_SEARCH_USER_PATHS = NO;
				CLANG_CXX_LANGUAGE_STANDARD = "gnu++0x";
				CLANG_CXX_LIBRARY = "libc++";
				CLANG_ENABLE_MODULES = YES;
				CLANG_ENABLE_OBJC_ARC = YES;
				CLANG_WARN_BOOL_CONVERSION = YES;
				CLANG_WARN_CONSTANT_CONVERSION = YES;
				CLANG_WARN_DIRECT_OBJC_ISA_USAGE = YES_ERROR;
				CLANG_WARN_EMPTY_BODY = YES;
				CLANG_WARN_ENUM_CONVERSION = YES;
				CLANG_WARN_INT_CONVERSION = YES;
				CLANG_WARN_OBJC_ROOT_CLASS = YES_ERROR;
				CLANG_WARN_UNREACHABLE_CODE = YES;
				CLANG_WARN__DUPLICATE_METHOD_MATCH = YES;
				COPY_PHASE_STRIP = NO;
				DEBUG_INFORMATION_FORMAT = dwarf;
				ENABLE_STRICT_OBJC_MSGSEND = YES;
				GCC_C_LANGUAGE_STANDARD = gnu99;
				GCC_DYNAMIC_NO_PIC = NO;
				GCC_NO_COMMON_BLOCKS = YES;
				GCC_OPTIMIZATION_LEVEL = 0;
				GCC_PREPROCESSOR_DEFINITIONS = (
					"DEBUG=1",
					"$(inherited)",
				);
				GCC_SYMBOLS_PRIVATE_EXTERN = NO;
				GCC_WARN_64_TO_32_BIT_CONVERSION = YES;
				GCC_WARN_ABOUT_RETURN_TYPE = YES_ERROR;
				GCC_WARN_UNDECLARED_SELECTOR = YES;
				GCC_WARN_UNINITIALIZED_AUTOS = YES_AGGRESSIVE;
				GCC_WARN_UNUSED_FUNCTION = YES;
				GCC_WARN_UNUSED_VARIABLE = YES;
				MACOSX_DEPLOYMENT_TARGET = 10.10;
				MTL_ENABLE_DEBUG_INFO = YES;
				ONLY_ACTIVE_ARCH = YES;
				SDKROOT = macosx;
			};
			name = Debug;
		};
		DE6317011B39386200901902 /* Release */ = {
			isa = XCBuildConfiguration;
			buildSettings = {
				ALWAYS_SEARCH_USER_PATHS = NO;
				CLANG_CXX_LANGUAGE_STANDARD = "gnu++0x";
				CLANG_CXX_LIBRARY = "libc++";
				CLANG_ENABLE_MODULES = YES;
				CLANG_ENABLE_OBJC_ARC = YES;
				CLANG_WARN_BOOL_CONVERSION = YES;
				CLANG_WARN_CONSTANT_CONVERSION = YES;
				CLANG_WARN_DIRECT_OBJC_ISA_USAGE = YES_ERROR;
				CLANG_WARN_EMPTY_BODY = YES;
				CLANG_WARN_ENUM_CONVERSION = YES;
				CLANG_WARN_INT_CONVERSION = YES;
				CLANG_WARN_OBJC_ROOT_CLASS = YES_ERROR;
				CLANG_WARN_UNREACHABLE_CODE = YES;
				CLANG_WARN__DUPLICATE_METHOD_MATCH = YES;
				COPY_PHASE_STRIP = NO;
				DEBUG_INFORMATION_FORMAT = "dwarf-with-dsym";
				ENABLE_NS_ASSERTIONS = NO;
				ENABLE_STRICT_OBJC_MSGSEND = YES;
				GCC_C_LANGUAGE_STANDARD = gnu99;
				GCC_NO_COMMON_BLOCKS = YES;
				GCC_WARN_64_TO_32_BIT_CONVERSION = YES;
				GCC_WARN_ABOUT_RETURN_TYPE = YES_ERROR;
				GCC_WARN_UNDECLARED_SELECTOR = YES;
				GCC_WARN_UNINITIALIZED_AUTOS = YES_AGGRESSIVE;
				GCC_WARN_UNUSED_FUNCTION = YES;
				GCC_WARN_UNUSED_VARIABLE = YES;
				MACOSX_DEPLOYMENT_TARGET = 10.10;
				MTL_ENABLE_DEBUG_INFO = NO;
				SDKROOT = macosx;
			};
			name = Release;
		};
		DE6317031B39386200901902 /* Debug */ = {
			isa = XCBuildConfiguration;
			buildSettings = {
				PRODUCT_NAME = "$(TARGET_NAME)";
			};
			name = Debug;
		};
		DE6317041B39386200901902 /* Release */ = {
			isa = XCBuildConfiguration;
			buildSettings = {
				PRODUCT_NAME = "$(TARGET_NAME)";
			};
			name = Release;
		};
/* End XCBuildConfiguration section */

/* Begin XCConfigurationList section */
		DE6316F61B39386200901902 /* Build configuration list for PBXProject "Applicances" */ = {
			isa = XCConfigurationList;
			buildConfigurations = (
				DE6317001B39386200901902 /* Debug */,
				DE6317011B39386200901902 /* Release */,
			);
			defaultConfigurationIsVisible = 0;
			defaultConfigurationName = Release;
		};
		DE6317021B39386200901902 /* Build configuration list for PBXNativeTarget "Applicances" */ = {
			isa = XCConfigurationList;
			buildConfigurations = (
				DE6317031B39386200901902 /* Debug */,
				DE6317041B39386200901902 /* Release */,
			);
			defaultConfigurationIsVisible = 0;
			defaultConfigurationName = Release;
		};
/* End XCConfigurationList section */
	};
	rootObject = DE6316F31B39386200901902 /* Project object */;
}
