// !$*UTF8*$!
{
	archiveVersion = 1;
	classes = {
	};
	objectVersion = 46;
	objects = {

/* Begin PBXBuildFile section */
		DE63150A1B33F73C00901902 /* main.m in Sources */ = {isa = PBXBuildFile; fileRef = DE6315091B33F73C00901902 /* main.m */; };
		DE6315121B33F75100901902 /* BNRStockHolding.m in Sources */ = {isa = PBXBuildFile; fileRef = DE6315111B33F75100901902 /* BNRStockHolding.m */; };
		DE6315181B34F72000901902 /* BNRForeignStockHolding.m in Sources */ = {isa = PBXBuildFile; fileRef = DE6315171B34F72000901902 /* BNRForeignStockHolding.m */; };
		DE63151E1B350B5E00901902 /* BNRPortfolio.m in Sources */ = {isa = PBXBuildFile; fileRef = DE63151D1B350B5E00901902 /* BNRPortfolio.m */; };
/* End PBXBuildFile section */

/* Begin PBXCopyFilesBuildPhase section */
		DE6315041B33F73C00901902 /* CopyFiles */ = {
			isa = PBXCopyFilesBuildPhase;
			buildActionMask = 2147483647;
			dstPath = /usr/share/man/man1/;
			dstSubfolderSpec = 0;
			files = (
			);
			runOnlyForDeploymentPostprocessing = 1;
		};
/* End PBXCopyFilesBuildPhase section */

/* Begin PBXFileReference section */
		DE6315061B33F73C00901902 /* Stocks */ = {isa = PBXFileReference; explicitFileType = "compiled.mach-o.executable"; includeInIndex = 0; path = Stocks; sourceTree = BUILT_PRODUCTS_DIR; };
		DE6315091B33F73C00901902 /* main.m */ = {isa = PBXFileReference; lastKnownFileType = sourcecode.c.objc; path = main.m; sourceTree = "<group>"; };
		DE6315101B33F75100901902 /* BNRStockHolding.h */ = {isa = PBXFileReference; fileEncoding = 4; lastKnownFileType = sourcecode.c.h; path = BNRStockHolding.h; sourceTree = "<group>"; };
		DE6315111B33F75100901902 /* BNRStockHolding.m */ = {isa = PBXFileReference; fileEncoding = 4; lastKnownFileType = sourcecode.c.objc; path = BNRStockHolding.m; sourceTree = "<group>"; };
		DE6315161B34F72000901902 /* BNRForeignStockHolding.h */ = {isa = PBXFileReference; fileEncoding = 4; lastKnownFileType = sourcecode.c.h; path = BNRForeignStockHolding.h; sourceTree = "<group>"; };
		DE6315171B34F72000901902 /* BNRForeignStockHolding.m */ = {isa = PBXFileReference; fileEncoding = 4; lastKnownFileType = sourcecode.c.objc; path = BNRForeignStockHolding.m; sourceTree = "<group>"; };
		DE63151C1B350B5E00901902 /* BNRPortfolio.h */ = {isa = PBXFileReference; fileEncoding = 4; lastKnownFileType = sourcecode.c.h; name = BNRPortfolio.h; path = Stocks/BNRPortfolio.h; sourceTree = "<group>"; };
		DE63151D1B350B5E00901902 /* BNRPortfolio.m */ = {isa = PBXFileReference; fileEncoding = 4; lastKnownFileType = sourcecode.c.objc; name = BNRPortfolio.m; path = Stocks/BNRPortfolio.m; sourceTree = "<group>"; };
/* End PBXFileReference section */

/* Begin PBXFrameworksBuildPhase section */
		DE6315031B33F73C00901902 /* Frameworks */ = {
			isa = PBXFrameworksBuildPhase;
			buildActionMask = 2147483647;
			files = (
			);
			runOnlyForDeploymentPostprocessing = 0;
		};
/* End PBXFrameworksBuildPhase section */

/* Begin PBXGroup section */
		DE6314FD1B33F73C00901902 = {
			isa = PBXGroup;
			children = (
				DE6315101B33F75100901902 /* BNRStockHolding.h */,
				DE6315111B33F75100901902 /* BNRStockHolding.m */,
				DE6315161B34F72000901902 /* BNRForeignStockHolding.h */,
				DE6315171B34F72000901902 /* BNRForeignStockHolding.m */,
				DE63151C1B350B5E00901902 /* BNRPortfolio.h */,
				DE63151D1B350B5E00901902 /* BNRPortfolio.m */,
				DE6315081B33F73C00901902 /* Stocks */,
				DE6315071B33F73C00901902 /* Products */,
			);
			sourceTree = "<group>";
		};
		DE6315071B33F73C00901902 /* Products */ = {
			isa = PBXGroup;
			children = (
				DE6315061B33F73C00901902 /* Stocks */,
			);
			name = Products;
			sourceTree = "<group>";
		};
		DE6315081B33F73C00901902 /* Stocks */ = {
			isa = PBXGroup;
			children = (
				DE6315091B33F73C00901902 /* main.m */,
			);
			path = Stocks;
			sourceTree = "<group>";
		};
/* End PBXGroup section */

/* Begin PBXNativeTarget section */
		DE6315051B33F73C00901902 /* Stocks */ = {
			isa = PBXNativeTarget;
			buildConfigurationList = DE63150D1B33F73C00901902 /* Build configuration list for PBXNativeTarget "Stocks" */;
			buildPhases = (
				DE6315021B33F73C00901902 /* Sources */,
				DE6315031B33F73C00901902 /* Frameworks */,
				DE6315041B33F73C00901902 /* CopyFiles */,
			);
			buildRules = (
			);
			dependencies = (
			);
			name = Stocks;
			productName = Stocks;
			productReference = DE6315061B33F73C00901902 /* Stocks */;
			productType = "com.apple.product-type.tool";
		};
/* End PBXNativeTarget section */

/* Begin PBXProject section */
		DE6314FE1B33F73C00901902 /* Project object */ = {
			isa = PBXProject;
			attributes = {
				LastUpgradeCheck = 0630;
				ORGANIZATIONNAME = "Javid Shamloo";
				TargetAttributes = {
					DE6315051B33F73C00901902 = {
						CreatedOnToolsVersion = 6.3.2;
					};
				};
			};
			buildConfigurationList = DE6315011B33F73C00901902 /* Build configuration list for PBXProject "Stocks" */;
			compatibilityVersion = "Xcode 3.2";
			developmentRegion = English;
			hasScannedForEncodings = 0;
			knownRegions = (
				en,
			);
			mainGroup = DE6314FD1B33F73C00901902;
			productRefGroup = DE6315071B33F73C00901902 /* Products */;
			projectDirPath = "";
			projectRoot = "";
			targets = (
				DE6315051B33F73C00901902 /* Stocks */,
			);
		};
/* End PBXProject section */

/* Begin PBXSourcesBuildPhase section */
		DE6315021B33F73C00901902 /* Sources */ = {
			isa = PBXSourcesBuildPhase;
			buildActionMask = 2147483647;
			files = (
				DE6315181B34F72000901902 /* BNRForeignStockHolding.m in Sources */,
				DE63151E1B350B5E00901902 /* BNRPortfolio.m in Sources */,
				DE63150A1B33F73C00901902 /* main.m in Sources */,
				DE6315121B33F75100901902 /* BNRStockHolding.m in Sources */,
			);
			runOnlyForDeploymentPostprocessing = 0;
		};
/* End PBXSourcesBuildPhase section */

/* Begin XCBuildConfiguration section */
		DE63150B1B33F73C00901902 /* Debug */ = {
			isa = XCBuildConfiguration;
			buildSettings = {
				ALWAYS_SEARCH_USER_PATHS = NO;
				CLANG_CXX_LANGUAGE_STANDARD = "gnu++0x";
				CLANG_CXX_LIBRARY = "libc++";
				CLANG_ENABLE_MODULES = YES;
				CLANG_ENABLE_OBJC_ARC = YES;
				CLANG_WARN_BOOL_CONVERSION = YES;
				CLANG_WARN_CONSTANT_CONVERSION = YES;
				CLANG_WARN_DIRECT_OBJC_ISA_USAGE = YES_ERROR;
				CLANG_WARN_EMPTY_BODY = YES;
				CLANG_WARN_ENUM_CONVERSION = YES;
				CLANG_WARN_INT_CONVERSION = YES;
				CLANG_WARN_OBJC_ROOT_CLASS = YES_ERROR;
				CLANG_WARN_UNREACHABLE_CODE = YES;
				CLANG_WARN__DUPLICATE_METHOD_MATCH = YES;
				COPY_PHASE_STRIP = NO;
				DEBUG_INFORMATION_FORMAT = dwarf;
				ENABLE_STRICT_OBJC_MSGSEND = YES;
				GCC_C_LANGUAGE_STANDARD = gnu99;
				GCC_DYNAMIC_NO_PIC = NO;
				GCC_NO_COMMON_BLOCKS = YES;
				GCC_OPTIMIZATION_LEVEL = 0;
				GCC_PREPROCESSOR_DEFINITIONS = (
					"DEBUG=1",
					"$(inherited)",
				);
				GCC_SYMBOLS_PRIVATE_EXTERN = NO;
				GCC_WARN_64_TO_32_BIT_CONVERSION = YES;
				GCC_WARN_ABOUT_RETURN_TYPE = YES_ERROR;
				GCC_WARN_UNDECLARED_SELECTOR = YES;
				GCC_WARN_UNINITIALIZED_AUTOS = YES_AGGRESSIVE;
				GCC_WARN_UNUSED_FUNCTION = YES;
				GCC_WARN_UNUSED_VARIABLE = YES;
				MACOSX_DEPLOYMENT_TARGET = 10.10;
				MTL_ENABLE_DEBUG_INFO = YES;
				ONLY_ACTIVE_ARCH = YES;
				SDKROOT = macosx;
			};
			name = Debug;
		};
		DE63150C1B33F73C00901902 /* Release */ = {
			isa = XCBuildConfiguration;
			buildSettings = {
				ALWAYS_SEARCH_USER_PATHS = NO;
				CLANG_CXX_LANGUAGE_STANDARD = "gnu++0x";
				CLANG_CXX_LIBRARY = "libc++";
				CLANG_ENABLE_MODULES = YES;
				CLANG_ENABLE_OBJC_ARC = YES;
				CLANG_WARN_BOOL_CONVERSION = YES;
				CLANG_WARN_CONSTANT_CONVERSION = YES;
				CLANG_WARN_DIRECT_OBJC_ISA_USAGE = YES_ERROR;
				CLANG_WARN_EMPTY_BODY = YES;
				CLANG_WARN_ENUM_CONVERSION = YES;
				CLANG_WARN_INT_CONVERSION = YES;
				CLANG_WARN_OBJC_ROOT_CLASS = YES_ERROR;
				CLANG_WARN_UNREACHABLE_CODE = YES;
				CLANG_WARN__DUPLICATE_METHOD_MATCH = YES;
				COPY_PHASE_STRIP = NO;
				DEBUG_INFORMATION_FORMAT = "dwarf-with-dsym";
				ENABLE_NS_ASSERTIONS = NO;
				ENABLE_STRICT_OBJC_MSGSEND = YES;
				GCC_C_LANGUAGE_STANDARD = gnu99;
				GCC_NO_COMMON_BLOCKS = YES;
				GCC_WARN_64_TO_32_BIT_CONVERSION = YES;
				GCC_WARN_ABOUT_RETURN_TYPE = YES_ERROR;
				GCC_WARN_UNDECLARED_SELECTOR = YES;
				GCC_WARN_UNINITIALIZED_AUTOS = YES_AGGRESSIVE;
				GCC_WARN_UNUSED_FUNCTION = YES;
				GCC_WARN_UNUSED_VARIABLE = YES;
				MACOSX_DEPLOYMENT_TARGET = 10.10;
				MTL_ENABLE_DEBUG_INFO = NO;
				SDKROOT = macosx;
			};
			name = Release;
		};
		DE63150E1B33F73C00901902 /* Debug */ = {
			isa = XCBuildConfiguration;
			buildSettings = {
				PRODUCT_NAME = "$(TARGET_NAME)";
			};
			name = Debug;
		};
		DE63150F1B33F73C00901902 /* Release */ = {
			isa = XCBuildConfiguration;
			buildSettings = {
				PRODUCT_NAME = "$(TARGET_NAME)";
			};
			name = Release;
		};
/* End XCBuildConfiguration section */

/* Begin XCConfigurationList section */
		DE6315011B33F73C00901902 /* Build configuration list for PBXProject "Stocks" */ = {
			isa = XCConfigurationList;
			buildConfigurations = (
				DE63150B1B33F73C00901902 /* Debug */,
				DE63150C1B33F73C00901902 /* Release */,
			);
			defaultConfigurationIsVisible = 0;
			defaultConfigurationName = Release;
		};
		DE63150D1B33F73C00901902 /* Build configuration list for PBXNativeTarget "Stocks" */ = {
			isa = XCConfigurationList;
			buildConfigurations = (
				DE63150E1B33F73C00901902 /* Debug */,
				DE63150F1B33F73C00901902 /* Release */,
			);
			defaultConfigurationIsVisible = 0;
			defaultConfigurationName = Release;
		};
/* End XCConfigurationList section */
	};
	rootObject = DE6314FE1B33F73C00901902 /* Project object */;
}
